// !$*UTF8*$!
{
	archiveVersion = 1;
	classes = {
	};
	objectVersion = 56;
	objects = {

/* Begin PBXBuildFile section */
		C48B9DD62C048AE700073FA5 /* Restaurant.swift in Sources */ = {isa = PBXBuildFile; fileRef = C48B9DD52C048AE700073FA5 /* Restaurant.swift */; };
		C48B9DD92C04903100073FA5 /* RestaurantTableViewCell.xib in Resources */ = {isa = PBXBuildFile; fileRef = C48B9DD82C04903100073FA5 /* RestaurantTableViewCell.xib */; };
		C48B9DDA2C04903100073FA5 /* RestaurantTableViewCell.swift in Sources */ = {isa = PBXBuildFile; fileRef = C48B9DD72C04903100073FA5 /* RestaurantTableViewCell.swift */; };
		C48B9DDC2C04910B00073FA5 /* RestaurantViewController.swift in Sources */ = {isa = PBXBuildFile; fileRef = C48B9DDB2C04910B00073FA5 /* RestaurantViewController.swift */; };
		C48B9DDF2C04A06E00073FA5 /* UILable+Extension.swift in Sources */ = {isa = PBXBuildFile; fileRef = C48B9DDE2C04A06E00073FA5 /* UILable+Extension.swift */; };
		C48B9DE12C04A2E600073FA5 /* UIButton+Extension.swift in Sources */ = {isa = PBXBuildFile; fileRef = C48B9DE02C04A2E600073FA5 /* UIButton+Extension.swift */; };
		C4B80BDD2C03562500710EA3 /* AppDelegate.swift in Sources */ = {isa = PBXBuildFile; fileRef = C4B80BDC2C03562500710EA3 /* AppDelegate.swift */; };
		C4B80BDF2C03562500710EA3 /* SceneDelegate.swift in Sources */ = {isa = PBXBuildFile; fileRef = C4B80BDE2C03562500710EA3 /* SceneDelegate.swift */; };
		C4B80BE12C03562500710EA3 /* ViewController.swift in Sources */ = {isa = PBXBuildFile; fileRef = C4B80BE02C03562500710EA3 /* ViewController.swift */; };
		C4B80BE42C03562500710EA3 /* Base in Resources */ = {isa = PBXBuildFile; fileRef = C4B80BE32C03562500710EA3 /* Base */; };
		C4B80BE62C03562600710EA3 /* Assets.xcassets in Resources */ = {isa = PBXBuildFile; fileRef = C4B80BE52C03562600710EA3 /* Assets.xcassets */; };
		C4B80BE92C03562600710EA3 /* Base in Resources */ = {isa = PBXBuildFile; fileRef = C4B80BE82C03562600710EA3 /* Base */; };
		C4B80BF12C03579600710EA3 /* MagazineInfo.swift in Sources */ = {isa = PBXBuildFile; fileRef = C4B80BF02C03579600710EA3 /* MagazineInfo.swift */; };
		C4B80BF32C0358E100710EA3 /* TravelTableViewCell.swift in Sources */ = {isa = PBXBuildFile; fileRef = C4B80BF22C0358E100710EA3 /* TravelTableViewCell.swift */; };
		C4B80BF82C035BA500710EA3 /* TravelTableViewController.swift in Sources */ = {isa = PBXBuildFile; fileRef = C4B80BF72C035BA500710EA3 /* TravelTableViewController.swift */; };
		C4B80BFB2C03647E00710EA3 /* Kingfisher in Frameworks */ = {isa = PBXBuildFile; productRef = C4B80BFA2C03647E00710EA3 /* Kingfisher */; };
/* End PBXBuildFile section */

/* Begin PBXFileReference section */
		C48B9DD52C048AE700073FA5 /* Restaurant.swift */ = {isa = PBXFileReference; fileEncoding = 4; lastKnownFileType = sourcecode.swift; path = Restaurant.swift; sourceTree = "<group>"; };
		C48B9DD72C04903100073FA5 /* RestaurantTableViewCell.swift */ = {isa = PBXFileReference; lastKnownFileType = sourcecode.swift; path = RestaurantTableViewCell.swift; sourceTree = "<group>"; };
		C48B9DD82C04903100073FA5 /* RestaurantTableViewCell.xib */ = {isa = PBXFileReference; lastKnownFileType = file.xib; path = RestaurantTableViewCell.xib; sourceTree = "<group>"; };
		C48B9DDB2C04910B00073FA5 /* RestaurantViewController.swift */ = {isa = PBXFileReference; lastKnownFileType = sourcecode.swift; path = RestaurantViewController.swift; sourceTree = "<group>"; };
		C48B9DDE2C04A06E00073FA5 /* UILable+Extension.swift */ = {isa = PBXFileReference; lastKnownFileType = sourcecode.swift; path = "UILable+Extension.swift"; sourceTree = "<group>"; };
		C48B9DE02C04A2E600073FA5 /* UIButton+Extension.swift */ = {isa = PBXFileReference; lastKnownFileType = sourcecode.swift; path = "UIButton+Extension.swift"; sourceTree = "<group>"; };
		C4B80BD92C03562500710EA3 /* travel-magazine.app */ = {isa = PBXFileReference; explicitFileType = wrapper.application; includeInIndex = 0; path = "travel-magazine.app"; sourceTree = BUILT_PRODUCTS_DIR; };
		C4B80BDC2C03562500710EA3 /* AppDelegate.swift */ = {isa = PBXFileReference; lastKnownFileType = sourcecode.swift; path = AppDelegate.swift; sourceTree = "<group>"; };
		C4B80BDE2C03562500710EA3 /* SceneDelegate.swift */ = {isa = PBXFileReference; lastKnownFileType = sourcecode.swift; path = SceneDelegate.swift; sourceTree = "<group>"; };
		C4B80BE02C03562500710EA3 /* ViewController.swift */ = {isa = PBXFileReference; lastKnownFileType = sourcecode.swift; path = ViewController.swift; sourceTree = "<group>"; };
		C4B80BE32C03562500710EA3 /* Base */ = {isa = PBXFileReference; lastKnownFileType = file.storyboard; name = Base; path = Base.lproj/Main.storyboard; sourceTree = "<group>"; };
		C4B80BE52C03562600710EA3 /* Assets.xcassets */ = {isa = PBXFileReference; lastKnownFileType = folder.assetcatalog; path = Assets.xcassets; sourceTree = "<group>"; };
		C4B80BE82C03562600710EA3 /* Base */ = {isa = PBXFileReference; lastKnownFileType = file.storyboard; name = Base; path = Base.lproj/LaunchScreen.storyboard; sourceTree = "<group>"; };
		C4B80BEA2C03562600710EA3 /* Info.plist */ = {isa = PBXFileReference; lastKnownFileType = text.plist.xml; path = Info.plist; sourceTree = "<group>"; };
		C4B80BF02C03579600710EA3 /* MagazineInfo.swift */ = {isa = PBXFileReference; fileEncoding = 4; lastKnownFileType = sourcecode.swift; path = MagazineInfo.swift; sourceTree = SOURCE_ROOT; };
		C4B80BF22C0358E100710EA3 /* TravelTableViewCell.swift */ = {isa = PBXFileReference; lastKnownFileType = sourcecode.swift; path = TravelTableViewCell.swift; sourceTree = "<group>"; };
		C4B80BF42C03592500710EA3 /* README.md */ = {isa = PBXFileReference; lastKnownFileType = net.daringfireball.markdown; path = README.md; sourceTree = "<group>"; };
		C4B80BF72C035BA500710EA3 /* TravelTableViewController.swift */ = {isa = PBXFileReference; lastKnownFileType = sourcecode.swift; path = TravelTableViewController.swift; sourceTree = "<group>"; };
/* End PBXFileReference section */

/* Begin PBXFrameworksBuildPhase section */
		C4B80BD62C03562500710EA3 /* Frameworks */ = {
			isa = PBXFrameworksBuildPhase;
			buildActionMask = 2147483647;
			files = (
				C4B80BFB2C03647E00710EA3 /* Kingfisher in Frameworks */,
			);
			runOnlyForDeploymentPostprocessing = 0;
		};
/* End PBXFrameworksBuildPhase section */

/* Begin PBXGroup section */
		C48B9DD12C048A6100073FA5 /* Controller */ = {
			isa = PBXGroup;
			children = (
				C4B80BF72C035BA500710EA3 /* TravelTableViewController.swift */,
				C48B9DDB2C04910B00073FA5 /* RestaurantViewController.swift */,
			);
			path = Controller;
			sourceTree = "<group>";
		};
		C48B9DD22C048A7200073FA5 /* CustomTableViewCell */ = {
			isa = PBXGroup;
			children = (
				C4B80BF22C0358E100710EA3 /* TravelTableViewCell.swift */,
				C48B9DD72C04903100073FA5 /* RestaurantTableViewCell.swift */,
				C48B9DD82C04903100073FA5 /* RestaurantTableViewCell.xib */,
			);
			path = CustomTableViewCell;
			sourceTree = "<group>";
		};
		C48B9DDD2C0495DD00073FA5 /* Extension */ = {
			isa = PBXGroup;
			children = (
				C48B9DDE2C04A06E00073FA5 /* UILable+Extension.swift */,
				C48B9DE02C04A2E600073FA5 /* UIButton+Extension.swift */,
			);
			path = Extension;
			sourceTree = "<group>";
		};
		C4B80BD02C03562500710EA3 = {
			isa = PBXGroup;
			children = (
				C4B80BF42C03592500710EA3 /* README.md */,
				C4B80BDB2C03562500710EA3 /* travel-magazine */,
				C4B80BDA2C03562500710EA3 /* Products */,
			);
			sourceTree = "<group>";
		};
		C4B80BDA2C03562500710EA3 /* Products */ = {
			isa = PBXGroup;
			children = (
				C4B80BD92C03562500710EA3 /* travel-magazine.app */,
			);
			name = Products;
			sourceTree = "<group>";
		};
		C4B80BDB2C03562500710EA3 /* travel-magazine */ = {
			isa = PBXGroup;
			children = (
				C48B9DDD2C0495DD00073FA5 /* Extension */,
				C48B9DD22C048A7200073FA5 /* CustomTableViewCell */,
				C48B9DD12C048A6100073FA5 /* Controller */,
				C4B80BDC2C03562500710EA3 /* AppDelegate.swift */,
				C4B80BDE2C03562500710EA3 /* SceneDelegate.swift */,
				C4B80BF02C03579600710EA3 /* MagazineInfo.swift */,
				C48B9DD52C048AE700073FA5 /* Restaurant.swift */,
				C4B80BE02C03562500710EA3 /* ViewController.swift */,
				C4B80BE22C03562500710EA3 /* Main.storyboard */,
				C4B80BE72C03562600710EA3 /* LaunchScreen.storyboard */,
				C4B80BE52C03562600710EA3 /* Assets.xcassets */,
				C4B80BEA2C03562600710EA3 /* Info.plist */,
			);
			path = "travel-magazine";
			sourceTree = "<group>";
		};
/* End PBXGroup section */

/* Begin PBXNativeTarget section */
		C4B80BD82C03562500710EA3 /* travel-magazine */ = {
			isa = PBXNativeTarget;
			buildConfigurationList = C4B80BED2C03562600710EA3 /* Build configuration list for PBXNativeTarget "travel-magazine" */;
			buildPhases = (
				C4B80BD52C03562500710EA3 /* Sources */,
				C4B80BD62C03562500710EA3 /* Frameworks */,
				C4B80BD72C03562500710EA3 /* Resources */,
			);
			buildRules = (
			);
			dependencies = (
			);
			name = "travel-magazine";
			packageProductDependencies = (
				C4B80BFA2C03647E00710EA3 /* Kingfisher */,
			);
			productName = "travel-magazine";
			productReference = C4B80BD92C03562500710EA3 /* travel-magazine.app */;
			productType = "com.apple.product-type.application";
		};
/* End PBXNativeTarget section */

/* Begin PBXProject section */
		C4B80BD12C03562500710EA3 /* Project object */ = {
			isa = PBXProject;
			attributes = {
				BuildIndependentTargetsInParallel = 1;
				LastSwiftUpdateCheck = 1540;
				LastUpgradeCheck = 1540;
				TargetAttributes = {
					C4B80BD82C03562500710EA3 = {
						CreatedOnToolsVersion = 15.4;
					};
				};
			};
			buildConfigurationList = C4B80BD42C03562500710EA3 /* Build configuration list for PBXProject "travel-magazine" */;
			compatibilityVersion = "Xcode 14.0";
			developmentRegion = en;
			hasScannedForEncodings = 0;
			knownRegions = (
				en,
				Base,
			);
			mainGroup = C4B80BD02C03562500710EA3;
			packageReferences = (
				C4B80BF92C03647E00710EA3 /* XCRemoteSwiftPackageReference "Kingfisher" */,
			);
			productRefGroup = C4B80BDA2C03562500710EA3 /* Products */;
			projectDirPath = "";
			projectRoot = "";
			targets = (
				C4B80BD82C03562500710EA3 /* travel-magazine */,
			);
		};
/* End PBXProject section */

/* Begin PBXResourcesBuildPhase section */
		C4B80BD72C03562500710EA3 /* Resources */ = {
			isa = PBXResourcesBuildPhase;
			buildActionMask = 2147483647;
			files = (
				C48B9DD92C04903100073FA5 /* RestaurantTableViewCell.xib in Resources */,
				C4B80BE62C03562600710EA3 /* Assets.xcassets in Resources */,
				C4B80BE92C03562600710EA3 /* Base in Resources */,
				C4B80BE42C03562500710EA3 /* Base in Resources */,
			);
			runOnlyForDeploymentPostprocessing = 0;
		};
/* End PBXResourcesBuildPhase section */

/* Begin PBXSourcesBuildPhase section */
		C4B80BD52C03562500710EA3 /* Sources */ = {
			isa = PBXSourcesBuildPhase;
			buildActionMask = 2147483647;
			files = (
				C4B80BE12C03562500710EA3 /* ViewController.swift in Sources */,
				C4B80BF12C03579600710EA3 /* MagazineInfo.swift in Sources */,
				C48B9DDF2C04A06E00073FA5 /* UILable+Extension.swift in Sources */,
				C48B9DE12C04A2E600073FA5 /* UIButton+Extension.swift in Sources */,
				C4B80BDD2C03562500710EA3 /* AppDelegate.swift in Sources */,
				C48B9DD62C048AE700073FA5 /* Restaurant.swift in Sources */,
				C48B9DDC2C04910B00073FA5 /* RestaurantViewController.swift in Sources */,
				C4B80BF32C0358E100710EA3 /* TravelTableViewCell.swift in Sources */,
				C4B80BF82C035BA500710EA3 /* TravelTableViewController.swift in Sources */,
				C48B9DDA2C04903100073FA5 /* RestaurantTableViewCell.swift in Sources */,
				C4B80BDF2C03562500710EA3 /* SceneDelegate.swift in Sources */,
			);
			runOnlyForDeploymentPostprocessing = 0;
		};
/* End PBXSourcesBuildPhase section */

/* Begin PBXVariantGroup section */
		C4B80BE22C03562500710EA3 /* Main.storyboard */ = {
			isa = PBXVariantGroup;
			children = (
				C4B80BE32C03562500710EA3 /* Base */,
			);
			name = Main.storyboard;
			sourceTree = "<group>";
		};
		C4B80BE72C03562600710EA3 /* LaunchScreen.storyboard */ = {
			isa = PBXVariantGroup;
			children = (
				C4B80BE82C03562600710EA3 /* Base */,
			);
			name = LaunchScreen.storyboard;
			sourceTree = "<group>";
		};
/* End PBXVariantGroup section */

/* Begin XCBuildConfiguration section */
		C4B80BEB2C03562600710EA3 /* Debug */ = {
			isa = XCBuildConfiguration;
			buildSettings = {
				ALWAYS_SEARCH_USER_PATHS = NO;
				ASSETCATALOG_COMPILER_GENERATE_SWIFT_ASSET_SYMBOL_EXTENSIONS = YES;
				CLANG_ANALYZER_NONNULL = YES;
				CLANG_ANALYZER_NUMBER_OBJECT_CONVERSION = YES_AGGRESSIVE;
				CLANG_CXX_LANGUAGE_STANDARD = "gnu++20";
				CLANG_ENABLE_MODULES = YES;
				CLANG_ENABLE_OBJC_ARC = YES;
				CLANG_ENABLE_OBJC_WEAK = YES;
				CLANG_WARN_BLOCK_CAPTURE_AUTORELEASING = YES;
				CLANG_WARN_BOOL_CONVERSION = YES;
				CLANG_WARN_COMMA = YES;
				CLANG_WARN_CONSTANT_CONVERSION = YES;
				CLANG_WARN_DEPRECATED_OBJC_IMPLEMENTATIONS = YES;
				CLANG_WARN_DIRECT_OBJC_ISA_USAGE = YES_ERROR;
				CLANG_WARN_DOCUMENTATION_COMMENTS = YES;
				CLANG_WARN_EMPTY_BODY = YES;
				CLANG_WARN_ENUM_CONVERSION = YES;
				CLANG_WARN_INFINITE_RECURSION = YES;
				CLANG_WARN_INT_CONVERSION = YES;
				CLANG_WARN_NON_LITERAL_NULL_CONVERSION = YES;
				CLANG_WARN_OBJC_IMPLICIT_RETAIN_SELF = YES;
				CLANG_WARN_OBJC_LITERAL_CONVERSION = YES;
				CLANG_WARN_OBJC_ROOT_CLASS = YES_ERROR;
				CLANG_WARN_QUOTED_INCLUDE_IN_FRAMEWORK_HEADER = YES;
				CLANG_WARN_RANGE_LOOP_ANALYSIS = YES;
				CLANG_WARN_STRICT_PROTOTYPES = YES;
				CLANG_WARN_SUSPICIOUS_MOVE = YES;
				CLANG_WARN_UNGUARDED_AVAILABILITY = YES_AGGRESSIVE;
				CLANG_WARN_UNREACHABLE_CODE = YES;
				CLANG_WARN__DUPLICATE_METHOD_MATCH = YES;
				COPY_PHASE_STRIP = NO;
				DEBUG_INFORMATION_FORMAT = dwarf;
				ENABLE_STRICT_OBJC_MSGSEND = YES;
				ENABLE_TESTABILITY = YES;
				ENABLE_USER_SCRIPT_SANDBOXING = YES;
				GCC_C_LANGUAGE_STANDARD = gnu17;
				GCC_DYNAMIC_NO_PIC = NO;
				GCC_NO_COMMON_BLOCKS = YES;
				GCC_OPTIMIZATION_LEVEL = 0;
				GCC_PREPROCESSOR_DEFINITIONS = (
					"DEBUG=1",
					"$(inherited)",
				);
				GCC_WARN_64_TO_32_BIT_CONVERSION = YES;
				GCC_WARN_ABOUT_RETURN_TYPE = YES_ERROR;
				GCC_WARN_UNDECLARED_SELECTOR = YES;
				GCC_WARN_UNINITIALIZED_AUTOS = YES_AGGRESSIVE;
				GCC_WARN_UNUSED_FUNCTION = YES;
				GCC_WARN_UNUSED_VARIABLE = YES;
				IPHONEOS_DEPLOYMENT_TARGET = 17.5;
				LOCALIZATION_PREFERS_STRING_CATALOGS = YES;
				MTL_ENABLE_DEBUG_INFO = INCLUDE_SOURCE;
				MTL_FAST_MATH = YES;
				ONLY_ACTIVE_ARCH = YES;
				SDKROOT = iphoneos;
				SWIFT_ACTIVE_COMPILATION_CONDITIONS = "DEBUG $(inherited)";
				SWIFT_OPTIMIZATION_LEVEL = "-Onone";
			};
			name = Debug;
		};
		C4B80BEC2C03562600710EA3 /* Release */ = {
			isa = XCBuildConfiguration;
			buildSettings = {
				ALWAYS_SEARCH_USER_PATHS = NO;
				ASSETCATALOG_COMPILER_GENERATE_SWIFT_ASSET_SYMBOL_EXTENSIONS = YES;
				CLANG_ANALYZER_NONNULL = YES;
				CLANG_ANALYZER_NUMBER_OBJECT_CONVERSION = YES_AGGRESSIVE;
				CLANG_CXX_LANGUAGE_STANDARD = "gnu++20";
				CLANG_ENABLE_MODULES = YES;
				CLANG_ENABLE_OBJC_ARC = YES;
				CLANG_ENABLE_OBJC_WEAK = YES;
				CLANG_WARN_BLOCK_CAPTURE_AUTORELEASING = YES;
				CLANG_WARN_BOOL_CONVERSION = YES;
				CLANG_WARN_COMMA = YES;
				CLANG_WARN_CONSTANT_CONVERSION = YES;
				CLANG_WARN_DEPRECATED_OBJC_IMPLEMENTATIONS = YES;
				CLANG_WARN_DIRECT_OBJC_ISA_USAGE = YES_ERROR;
				CLANG_WARN_DOCUMENTATION_COMMENTS = YES;
				CLANG_WARN_EMPTY_BODY = YES;
				CLANG_WARN_ENUM_CONVERSION = YES;
				CLANG_WARN_INFINITE_RECURSION = YES;
				CLANG_WARN_INT_CONVERSION = YES;
				CLANG_WARN_NON_LITERAL_NULL_CONVERSION = YES;
				CLANG_WARN_OBJC_IMPLICIT_RETAIN_SELF = YES;
				CLANG_WARN_OBJC_LITERAL_CONVERSION = YES;
				CLANG_WARN_OBJC_ROOT_CLASS = YES_ERROR;
				CLANG_WARN_QUOTED_INCLUDE_IN_FRAMEWORK_HEADER = YES;
				CLANG_WARN_RANGE_LOOP_ANALYSIS = YES;
				CLANG_WARN_STRICT_PROTOTYPES = YES;
				CLANG_WARN_SUSPICIOUS_MOVE = YES;
				CLANG_WARN_UNGUARDED_AVAILABILITY = YES_AGGRESSIVE;
				CLANG_WARN_UNREACHABLE_CODE = YES;
				CLANG_WARN__DUPLICATE_METHOD_MATCH = YES;
				COPY_PHASE_STRIP = NO;
				DEBUG_INFORMATION_FORMAT = "dwarf-with-dsym";
				ENABLE_NS_ASSERTIONS = NO;
				ENABLE_STRICT_OBJC_MSGSEND = YES;
				ENABLE_USER_SCRIPT_SANDBOXING = YES;
				GCC_C_LANGUAGE_STANDARD = gnu17;
				GCC_NO_COMMON_BLOCKS = YES;
				GCC_WARN_64_TO_32_BIT_CONVERSION = YES;
				GCC_WARN_ABOUT_RETURN_TYPE = YES_ERROR;
				GCC_WARN_UNDECLARED_SELECTOR = YES;
				GCC_WARN_UNINITIALIZED_AUTOS = YES_AGGRESSIVE;
				GCC_WARN_UNUSED_FUNCTION = YES;
				GCC_WARN_UNUSED_VARIABLE = YES;
				IPHONEOS_DEPLOYMENT_TARGET = 17.5;
				LOCALIZATION_PREFERS_STRING_CATALOGS = YES;
				MTL_ENABLE_DEBUG_INFO = NO;
				MTL_FAST_MATH = YES;
				SDKROOT = iphoneos;
				SWIFT_COMPILATION_MODE = wholemodule;
				VALIDATE_PRODUCT = YES;
			};
			name = Release;
		};
		C4B80BEE2C03562600710EA3 /* Debug */ = {
			isa = XCBuildConfiguration;
			buildSettings = {
				ASSETCATALOG_COMPILER_APPICON_NAME = AppIcon;
				ASSETCATALOG_COMPILER_GLOBAL_ACCENT_COLOR_NAME = AccentColor;
				CODE_SIGN_STYLE = Automatic;
				CURRENT_PROJECT_VERSION = 1;
				DEVELOPMENT_TEAM = 95Z2W8U6PK;
				GENERATE_INFOPLIST_FILE = YES;
				INFOPLIST_FILE = "travel-magazine/Info.plist";
				INFOPLIST_KEY_CFBundleDisplayName = "여행을 떠나요";
				INFOPLIST_KEY_UIApplicationSupportsIndirectInputEvents = YES;
				INFOPLIST_KEY_UILaunchStoryboardName = LaunchScreen;
				INFOPLIST_KEY_UIMainStoryboardFile = Main;
				INFOPLIST_KEY_UISupportedInterfaceOrientations = UIInterfaceOrientationPortrait;
				INFOPLIST_KEY_UISupportedInterfaceOrientations_iPad = "UIInterfaceOrientationLandscapeLeft UIInterfaceOrientationLandscapeRight UIInterfaceOrientationPortrait UIInterfaceOrientationPortraitUpsideDown";
				IPHONEOS_DEPLOYMENT_TARGET = 16.0;
				LD_RUNPATH_SEARCH_PATHS = (
					"$(inherited)",
					"@executable_path/Frameworks",
				);
				MARKETING_VERSION = 1.0;
				PRODUCT_BUNDLE_IDENTIFIER = "com.junehee.travel-magazine";
				PRODUCT_NAME = "$(TARGET_NAME)";
				SUPPORTED_PLATFORMS = "iphoneos iphonesimulator";
				SUPPORTS_MACCATALYST = NO;
				SUPPORTS_MAC_DESIGNED_FOR_IPHONE_IPAD = NO;
				SUPPORTS_XR_DESIGNED_FOR_IPHONE_IPAD = NO;
				SWIFT_EMIT_LOC_STRINGS = YES;
				SWIFT_VERSION = 5.0;
				TARGETED_DEVICE_FAMILY = 1;
			};
			name = Debug;
		};
		C4B80BEF2C03562600710EA3 /* Release */ = {
			isa = XCBuildConfiguration;
			buildSettings = {
				ASSETCATALOG_COMPILER_APPICON_NAME = AppIcon;
				ASSETCATALOG_COMPILER_GLOBAL_ACCENT_COLOR_NAME = AccentColor;
				CODE_SIGN_STYLE = Automatic;
				CURRENT_PROJECT_VERSION = 1;
				DEVELOPMENT_TEAM = 95Z2W8U6PK;
				GENERATE_INFOPLIST_FILE = YES;
				INFOPLIST_FILE = "travel-magazine/Info.plist";
				INFOPLIST_KEY_CFBundleDisplayName = "여행을 떠나요";
				INFOPLIST_KEY_UIApplicationSupportsIndirectInputEvents = YES;
				INFOPLIST_KEY_UILaunchStoryboardName = LaunchScreen;
				INFOPLIST_KEY_UIMainStoryboardFile = Main;
				INFOPLIST_KEY_UISupportedInterfaceOrientations = UIInterfaceOrientationPortrait;
				INFOPLIST_KEY_UISupportedInterfaceOrientations_iPad = "UIInterfaceOrientationLandscapeLeft UIInterfaceOrientationLandscapeRight UIInterfaceOrientationPortrait UIInterfaceOrientationPortraitUpsideDown";
				IPHONEOS_DEPLOYMENT_TARGET = 16.0;
				LD_RUNPATH_SEARCH_PATHS = (
					"$(inherited)",
					"@executable_path/Frameworks",
				);
				MARKETING_VERSION = 1.0;
				PRODUCT_BUNDLE_IDENTIFIER = "com.junehee.travel-magazine";
				PRODUCT_NAME = "$(TARGET_NAME)";
				SUPPORTED_PLATFORMS = "iphoneos iphonesimulator";
				SUPPORTS_MACCATALYST = NO;
				SUPPORTS_MAC_DESIGNED_FOR_IPHONE_IPAD = NO;
				SUPPORTS_XR_DESIGNED_FOR_IPHONE_IPAD = NO;
				SWIFT_EMIT_LOC_STRINGS = YES;
				SWIFT_VERSION = 5.0;
				TARGETED_DEVICE_FAMILY = 1;
			};
			name = Release;
		};
/* End XCBuildConfiguration section */

/* Begin XCConfigurationList section */
		C4B80BD42C03562500710EA3 /* Build configuration list for PBXProject "travel-magazine" */ = {
			isa = XCConfigurationList;
			buildConfigurations = (
				C4B80BEB2C03562600710EA3 /* Debug */,
				C4B80BEC2C03562600710EA3 /* Release */,
			);
			defaultConfigurationIsVisible = 0;
			defaultConfigurationName = Release;
		};
		C4B80BED2C03562600710EA3 /* Build configuration list for PBXNativeTarget "travel-magazine" */ = {
			isa = XCConfigurationList;
			buildConfigurations = (
				C4B80BEE2C03562600710EA3 /* Debug */,
				C4B80BEF2C03562600710EA3 /* Release */,
			);
			defaultConfigurationIsVisible = 0;
			defaultConfigurationName = Release;
		};
/* End XCConfigurationList section */

/* Begin XCRemoteSwiftPackageReference section */
		C4B80BF92C03647E00710EA3 /* XCRemoteSwiftPackageReference "Kingfisher" */ = {
			isa = XCRemoteSwiftPackageReference;
			repositoryURL = "https://github.com/onevcat/Kingfisher.git";
			requirement = {
				kind = upToNextMajorVersion;
				minimumVersion = 7.0.0;
			};
		};
/* End XCRemoteSwiftPackageReference section */

/* Begin XCSwiftPackageProductDependency section */
		C4B80BFA2C03647E00710EA3 /* Kingfisher */ = {
			isa = XCSwiftPackageProductDependency;
			package = C4B80BF92C03647E00710EA3 /* XCRemoteSwiftPackageReference "Kingfisher" */;
			productName = Kingfisher;
		};
/* End XCSwiftPackageProductDependency section */
	};
	rootObject = C4B80BD12C03562500710EA3 /* Project object */;
}
